<?xml version="1.0" encoding="utf-8"?>
<Project ToolsVersion="4.0" xmlns="http://schemas.microsoft.com/developer/msbuild/2003">
  <ItemGroup>
    <Filter Include="Source Files">
      <UniqueIdentifier>{4FC737F1-C7A5-4376-A066-2A32D752A2FF}</UniqueIdentifier>
      <Extensions>cpp;c;cc;cxx;c++;cppm;ixx;def;odl;idl;hpj;bat;asm;asmx</Extensions>
    </Filter>
    <Filter Include="Header Files">
      <UniqueIdentifier>{93995380-89BD-4b04-88EB-625FBE52EBFB}</UniqueIdentifier>
      <Extensions>h;hh;hpp;hxx;h++;hm;inl;inc;ipp;xsd</Extensions>
    </Filter>
    <Filter Include="Resource Files">
      <UniqueIdentifier>{67DA6AB6-F800-4c08-8B7A-83BB121AAD01}</UniqueIdentifier>
      <Extensions>rc;ico;cur;bmp;dlg;rc2;rct;bin;rgs;gif;jpg;jpeg;jpe;resx;tiff;tif;png;wav;mfcribbon-ms</Extensions>
    </Filter>
  </ItemGroup>
  <ItemGroup>
    <ClCompile Include="1702A.cpp">
      <Filter>Source Files</Filter>
    </ClCompile>
    <ClCompile Include="1701A.cpp">
      <Filter>Source Files</Filter>
    </ClCompile>
    <ClCompile Include="1705A.cpp">
      <Filter>Source Files</Filter>
    </ClCompile>
    <ClCompile Include="1754A.cpp">
      <Filter>Source Files</Filter>
    </ClCompile>
    <ClCompile Include="1741A.cpp">
      <Filter>Source Files</Filter>
    </ClCompile>
    <ClCompile Include="1739A.cpp">
      <Filter>Source Files</Filter>
    </ClCompile>
    <ClCompile Include="1740A.cpp">
      <Filter>Source Files</Filter>
    </ClCompile>
    <ClCompile Include="1740B.cpp">
      <Filter>Source Files</Filter>
    </ClCompile>
    <ClCompile Include="1754B.cpp">
      <Filter>Source Files</Filter>
    </ClCompile>
    <ClCompile Include="1734A.cpp">
      <Filter>Source Files</Filter>
    </ClCompile>
    <ClCompile Include="1749A.cpp">
      <Filter>Source Files</Filter>
    </ClCompile>
    <ClCompile Include="1746A.cpp">
      <Filter>Source Files</Filter>
    </ClCompile>
    <ClCompile Include="1744A.cpp">
      <Filter>Source Files</Filter>
    </ClCompile>
    <ClCompile Include="1743A.cpp">
      <Filter>Source Files</Filter>
    </ClCompile>
    <ClCompile Include="1738A.cpp">
      <Filter>Source Files</Filter>
    </ClCompile>
    <ClCompile Include="1747A.cpp">
      <Filter>Source Files</Filter>
    </ClCompile>
    <ClCompile Include="1747B.cpp">
      <Filter>Source Files</Filter>
    </ClCompile>
    <ClCompile Include="1750A.cpp">
      <Filter>Source Files</Filter>
    </ClCompile>
    <ClCompile Include="1750B.cpp">
      <Filter>Source Files</Filter>
    </ClCompile>
    <ClCompile Include="1748A.cpp">
      <Filter>Source Files</Filter>
    </ClCompile>
    <ClCompile Include="1748B.cpp">
      <Filter>Source Files</Filter>
    </ClCompile>
    <ClCompile Include="1736A.cpp">
      <Filter>Source Files</Filter>
    </ClCompile>
    <ClCompile Include="1730A.cpp">
      <Filter>Source Files</Filter>
    </ClCompile>
    <ClCompile Include="1733A.cpp">
      <Filter>Source Files</Filter>
    </ClCompile>
    <ClCompile Include="1759A.cpp">
      <Filter>Source Files</Filter>
    </ClCompile>
    <ClCompile Include="1744B.cpp">
      <Filter>Source Files</Filter>
    </ClCompile>
    <ClCompile Include="1761A.cpp">
      <Filter>Source Files</Filter>
    </ClCompile>
    <ClCompile Include="808A.cpp">
      <Filter>Source Files</Filter>
    </ClCompile>
    <ClCompile Include="1760A.cpp">
      <Filter>Source Files</Filter>
    </ClCompile>
    <ClCompile Include="1760B.cpp">
      <Filter>Source Files</Filter>
    </ClCompile>
    <ClCompile Include="1760C.cpp">
      <Filter>Source Files</Filter>
    </ClCompile>
    <ClCompile Include="map.cpp">
      <Filter>Source Files</Filter>
    </ClCompile>
    <ClCompile Include="1676A.cpp">
      <Filter>Source Files</Filter>
    </ClCompile>
    <ClCompile Include="1758A.cpp">
      <Filter>Source Files</Filter>
    </ClCompile>
    <ClCompile Include="1758B.cpp">
      <Filter>Source Files</Filter>
    </ClCompile>
    <ClCompile Include="1764A.cpp">
      <Filter>Source Files</Filter>
    </ClCompile>
    <ClCompile Include="1764B.cpp">
      <Filter>Source Files</Filter>
    </ClCompile>
    <ClCompile Include="1759B.cpp">
      <Filter>Source Files</Filter>
    </ClCompile>
    <ClCompile Include="1741B.cpp">
      <Filter>Source Files</Filter>
    </ClCompile>
    <ClCompile Include="1729A.cpp">
      <Filter>Source Files</Filter>
    </ClCompile>
    <ClCompile Include="1716A.cpp">
      <Filter>Source Files</Filter>
    </ClCompile>
    <ClCompile Include="1765B.cpp">
      <Filter>Source Files</Filter>
    </ClCompile>
    <ClCompile Include="266B.cpp">
      <Filter>Source Files</Filter>
    </ClCompile>
    <ClCompile Include="41A.cpp">
      <Filter>Source Files</Filter>
    </ClCompile>
    <ClCompile Include="271A.cpp">
      <Filter>Source Files</Filter>
    </ClCompile>
    <ClCompile Include="677A.cpp">
      <Filter>Source Files</Filter>
    </ClCompile>
    <ClCompile Include="467A.cpp">
      <Filter>Source Files</Filter>
    </ClCompile>
    <ClCompile Include="344A.cpp">
      <Filter>Source Files</Filter>
    </ClCompile>
    <ClCompile Include="486A.cpp">
      <Filter>Source Files</Filter>
    </ClCompile>
    <ClCompile Include="61A.cpp">
      <Filter>Source Files</Filter>
    </ClCompile>
    <ClCompile Include="705A.cpp">
      <Filter>Source Files</Filter>
    </ClCompile>
    <ClCompile Include="580A.cpp">
      <Filter>Source Files</Filter>
    </ClCompile>
    <ClCompile Include="427A.cpp">
      <Filter>Source Files</Filter>
    </ClCompile>
    <ClCompile Include="723A.cpp">
      <Filter>Source Files</Filter>
    </ClCompile>
    <ClCompile Include="732A.cpp">
      <Filter>Source Files</Filter>
    </ClCompile>
    <ClCompile Include="1335C.cpp">
      <Filter>Source Files</Filter>
    </ClCompile>
    <ClCompile Include="43C.cpp">
      <Filter>Source Files</Filter>
    </ClCompile>
    <ClCompile Include="1771A.cpp">
      <Filter>Source Files</Filter>
    </ClCompile>
    <ClCompile Include="1766A.cpp">
      <Filter>Source Files</Filter>
    </ClCompile>
    <ClCompile Include="1742C.cpp">
      <Filter>Source Files</Filter>
    </ClCompile>
    <ClCompile Include="1749B.cpp">
      <Filter>Source Files</Filter>
    </ClCompile>
    <ClCompile Include="1735B.cpp">
      <Filter>Source Files</Filter>
    </ClCompile>
    <ClCompile Include="894A.cpp">
      <Filter>Source Files</Filter>
    </ClCompile>
    <ClCompile Include="1762A.cpp">
      <Filter>Source Files</Filter>
    </ClCompile>
    <ClCompile Include="1626A.cpp">
      <Filter>Source Files</Filter>
    </ClCompile>
    <ClCompile Include="1767A.cpp">
      <Filter>Source Files</Filter>
    </ClCompile>
    <ClCompile Include="1767B.cpp">
      <Filter>Source Files</Filter>
    </ClCompile>
    <ClCompile Include="1772A.cpp">
      <Filter>Source Files</Filter>
    </ClCompile>
  </ItemGroup>
</Project>