
Microsoft Visual Studio Solution File, Format Version 12.00
# Visual Studio Version 17
VisualStudioVersion = 17.5.001.0
MinimumVisualStudioVersion = 10.0.40219.1
Project("{9A19103F-16F7-4668-BE54-9A1E7A4F7556}") = "LearningCSharp", "LearningCSharp\LearningCSharp.csproj", "{BA50CC36-267A-43FC-9E4B-0FAEF97DB463}"
EndProject
Project("{2150E333-8FDC-42A3-9474-1A3956D46DE8}") = "dotnetcore", "dotnetcore", "{02044A94-9D86-4411-AEE0-E67342EEF9BC}"
EndProject
Project("{9A19103F-16F7-4668-BE54-9A1E7A4F7556}") = "myMVC", "dotnetcore\myMVC\myMVC.csproj", "{02531D3F-C541-4C5B-8073-FE5C0E7EC966}"
EndProject
Project("{2150E333-8FDC-42A3-9474-1A3956D46DE8}") = "LearningCSharp (1)", "LearningCSharp", "{962D0521-3FA9-4401-863C-A4FFCF06AEF1}"
EndProject
Project("{9A19103F-16F7-4668-BE54-9A1E7A4F7556}") = "Abstract", "LearningCSharp\Abstract\Abstract.csproj", "{CD023FE6-6B1D-41CE-B5DF-5DDB7CC05E62}"
EndProject
Project("{9A19103F-16F7-4668-BE54-9A1E7A4F7556}") = "AccessSpecifier", "LearningCSharp\AccessSpecifier\AccessSpecifier.csproj", "{9DCCF87B-0473-45B7-AA12-D0CEF9A9CC9D}"
EndProject
Project("{9A19103F-16F7-4668-BE54-9A1E7A4F7556}") = "ProjectsOfClassesAndObjects", "LearningCSharp\ClassAndObject\ProjectsOfClassesAndObjects.csproj", "{2966CC55-5F15-4932-B05B-AA05A09386E8}"
EndProject
Project("{9A19103F-16F7-4668-BE54-9A1E7A4F7556}") = "ClassesStructuresAndObjects", "LearningCSharp\ClassesStructuresAndObjects\ClassesStructuresAndObjects.csproj", "{C5C63EFD-1538-4728-9BAE-DB17C159B4C7}"
EndProject
Project("{9A19103F-16F7-4668-BE54-9A1E7A4F7556}") = "Codeforces", "LearningCSharp\Codeforces\Codeforces.csproj", "{B500C58C-C688-4F2A-BCD0-5914AA08D129}"
EndProject
Project("{9A19103F-16F7-4668-BE54-9A1E7A4F7556}") = "Collection", "LearningCSharp\Collection\Collection.csproj", "{9D090965-EAA7-41B9-8AE9-8259286B3484}"
EndProject
Project("{9A19103F-16F7-4668-BE54-9A1E7A4F7556}") = "Constructor", "LearningCSharp\Constructor\Constructor.csproj", "{54A1F4A2-4FCA-45F1-B431-165A38ED675D}"
EndProject
Project("{9A19103F-16F7-4668-BE54-9A1E7A4F7556}") = "CSharpCodingStandard", "LearningCSharp\CSharpCodingStandard\CSharpCodingStandard.csproj", "{D6E7E042-666A-4EE5-8C72-8D4CED61F765}"
EndProject
Project("{9A19103F-16F7-4668-BE54-9A1E7A4F7556}") = "DataTypeAndVariableType", "LearningCSharp\DataTypeAndVariableType\DataTypeAndVariableType.csproj", "{C5417AB0-9D05-47A4-9EA3-6074107D1135}"
EndProject
Project("{9A19103F-16F7-4668-BE54-9A1E7A4F7556}") = "Deconstructor", "LearningCSharp\Deconstructor\Deconstructor.csproj", "{8CF612EA-9949-4D4C-9C9D-6732AF0B215C}"
EndProject
Project("{9A19103F-16F7-4668-BE54-9A1E7A4F7556}") = "Delegate", "LearningCSharp\Delegate\Delegate.csproj", "{520E952C-6B02-4653-973B-4ECEBD9EC3A4}"
EndProject
Project("{9A19103F-16F7-4668-BE54-9A1E7A4F7556}") = "Destructor", "LearningCSharp\Destructor\Destructor.csproj", "{563F77A0-C38C-4545-A30B-DC7BF563A6EC}"
EndProject
Project("{9A19103F-16F7-4668-BE54-9A1E7A4F7556}") = "Enumeration", "LearningCSharp\Enumeration\Enumeration.csproj", "{A331EE03-7D5F-4EDD-891C-C704DBC1E094}"
EndProject
Project("{9A19103F-16F7-4668-BE54-9A1E7A4F7556}") = "ExceptionHandling", "LearningCSharp\ExceptionHandling\ExceptionHandling.csproj", "{81540DF2-2F4B-4EA4-9919-48BDA161305D}"
EndProject
Project("{9A19103F-16F7-4668-BE54-9A1E7A4F7556}") = "HackerEarth", "LearningCSharp\HackerEarth\HackerEarth.csproj", "{43394227-3493-4D68-B2E7-C272E1971471}"
EndProject
Project("{9A19103F-16F7-4668-BE54-9A1E7A4F7556}") = "Indexer", "LearningCSharp\Indexer\Indexer.csproj", "{7BF4F222-6CAF-451D-9ED5-67948A26270A}"
EndProject
Project("{9A19103F-16F7-4668-BE54-9A1E7A4F7556}") = "Inheritance", "LearningCSharp\Inheritance\Inheritance.csproj", "{B0702845-C0FD-46E9-901D-B23CF6164502}"
EndProject
Project("{9A19103F-16F7-4668-BE54-9A1E7A4F7556}") = "Interface", "LearningCSharp\Interface\Interface.csproj", "{CC9949E9-82CF-418B-9E5C-C14CEBE75D81}"
EndProject
Project("{9A19103F-16F7-4668-BE54-9A1E7A4F7556}") = "NumericalMethods", "LearningCSharp\LAB_NumericalMethods\NumericalMethods.csproj", "{3C14A8BF-2ED1-4E0D-B0B9-E9FD26B15726}"
EndProject
Project("{9A19103F-16F7-4668-BE54-9A1E7A4F7556}") = "LeetCode", "LearningCSharp\LeetCode\LeetCode.csproj", "{D5E0CD01-0AD2-4141-88FE-2580EC77C321}"
EndProject
Project("{9A19103F-16F7-4668-BE54-9A1E7A4F7556}") = "LINQ", "LearningCSharp\LINQ\LINQ.csproj", "{CD5FDEF7-33C4-494B-A1BA-A2BF8A788270}"
EndProject
Project("{9A19103F-16F7-4668-BE54-9A1E7A4F7556}") = "LINQTOSQL", "LearningCSharp\LINQTOSQL\LINQTOSQL.csproj", "{F10CD5D3-03A0-415A-9E61-C6CD50BD16DA}"
EndProject
Project("{9A19103F-16F7-4668-BE54-9A1E7A4F7556}") = "MacrosAndPreProcessors", "LearningCSharp\MacrosAndPreProcessors\MacrosAndPreProcessors.csproj", "{EF5B31E5-68BE-4964-A626-972C16CFAFD3}"
EndProject
Project("{9A19103F-16F7-4668-BE54-9A1E7A4F7556}") = "MethodExtension", "LearningCSharp\MethodExtension\MethodExtension.csproj", "{68E3AAE4-E20D-41B3-9D69-62336826C8E5}"
EndProject
Project("{9A19103F-16F7-4668-BE54-9A1E7A4F7556}") = "Methods", "LearningCSharp\Methods\Methods.csproj", "{865ED8B3-076B-4603-A232-295EFF60C392}"
EndProject
Project("{9A19103F-16F7-4668-BE54-9A1E7A4F7556}") = "Operators", "LearningCSharp\Operators\Operators.csproj", "{13FF91F0-6485-41C2-8084-9215E532632B}"
EndProject
Project("{9A19103F-16F7-4668-BE54-9A1E7A4F7556}") = "PartialClassesAndMethods", "LearningCSharp\PartialClassesAndMethods\PartialClassesAndMethods.csproj", "{27533F27-8DE3-4906-9B3F-1841AE2BCDED}"
EndProject
Project("{9A19103F-16F7-4668-BE54-9A1E7A4F7556}") = "PatternMatching", "LearningCSharp\PatternMatching\PatternMatching.csproj", "{0F46B4BB-8F91-442F-8675-CE117A557452}"
EndProject
Project("{9A19103F-16F7-4668-BE54-9A1E7A4F7556}") = "Practice", "LearningCSharp\Practice\Practice.csproj", "{7F772939-79FD-4004-8576-63ADECB951B6}"
EndProject
Project("{9A19103F-16F7-4668-BE54-9A1E7A4F7556}") = "ProjectsOfClassesAndObjects (1)", "LearningCSharp\ProjectsOfClassesAndObjects\ProjectsOfClassesAndObjects.csproj", "{1AC4942A-A0FC-40CB-A0E5-0A788C648D87}"
EndProject
Project("{9A19103F-16F7-4668-BE54-9A1E7A4F7556}") = "Properties", "LearningCSharp\Properties\Properties.csproj", "{FE590A05-D2A4-43C3-B94C-D2DEE3331351}"
EndProject
Project("{9A19103F-16F7-4668-BE54-9A1E7A4F7556}") = "RefAndOutParameters", "LearningCSharp\RefAndOutParameters\RefAndOutParameters.csproj", "{185F60F2-C9B1-4685-A1AB-ACB9C9800E68}"
EndProject
Project("{9A19103F-16F7-4668-BE54-9A1E7A4F7556}") = "TestingD", "LearningCSharp\TestingD\TestingD.csproj", "{239EE81F-C7C6-44C9-B232-47C07F168623}"
EndProject
Project("{9A19103F-16F7-4668-BE54-9A1E7A4F7556}") = "Threading", "LearningCSharp\Threading\Threading.csproj", "{29207FAF-9D46-4578-990D-652BA16AB0D9}"
EndProject
Project("{9A19103F-16F7-4668-BE54-9A1E7A4F7556}") = "Tuples", "LearningCSharp\Tuples\Tuples.csproj", "{1B2568E6-24AD-438E-8B73-F3CAF0FD2967}"
EndProject
Global
	GlobalSection(SolutionConfigurationPlatforms) = preSolution
		Debug|Any CPU = Debug|Any CPU
		Release|Any CPU = Release|Any CPU
	EndGlobalSection
	GlobalSection(ProjectConfigurationPlatforms) = postSolution
		{BA50CC36-267A-43FC-9E4B-0FAEF97DB463}.Debug|Any CPU.ActiveCfg = Debug|Any CPU
		{BA50CC36-267A-43FC-9E4B-0FAEF97DB463}.Debug|Any CPU.Build.0 = Debug|Any CPU
		{BA50CC36-267A-43FC-9E4B-0FAEF97DB463}.Release|Any CPU.ActiveCfg = Release|Any CPU
		{BA50CC36-267A-43FC-9E4B-0FAEF97DB463}.Release|Any CPU.Build.0 = Release|Any CPU
		{02531D3F-C541-4C5B-8073-FE5C0E7EC966}.Debug|Any CPU.ActiveCfg = Debug|Any CPU
		{02531D3F-C541-4C5B-8073-FE5C0E7EC966}.Debug|Any CPU.Build.0 = Debug|Any CPU
		{02531D3F-C541-4C5B-8073-FE5C0E7EC966}.Release|Any CPU.ActiveCfg = Release|Any CPU
		{02531D3F-C541-4C5B-8073-FE5C0E7EC966}.Release|Any CPU.Build.0 = Release|Any CPU
		{CD023FE6-6B1D-41CE-B5DF-5DDB7CC05E62}.Debug|Any CPU.ActiveCfg = Debug|Any CPU
		{CD023FE6-6B1D-41CE-B5DF-5DDB7CC05E62}.Debug|Any CPU.Build.0 = Debug|Any CPU
		{CD023FE6-6B1D-41CE-B5DF-5DDB7CC05E62}.Release|Any CPU.ActiveCfg = Release|Any CPU
		{CD023FE6-6B1D-41CE-B5DF-5DDB7CC05E62}.Release|Any CPU.Build.0 = Release|Any CPU
		{9DCCF87B-0473-45B7-AA12-D0CEF9A9CC9D}.Debug|Any CPU.ActiveCfg = Debug|Any CPU
		{9DCCF87B-0473-45B7-AA12-D0CEF9A9CC9D}.Debug|Any CPU.Build.0 = Debug|Any CPU
		{9DCCF87B-0473-45B7-AA12-D0CEF9A9CC9D}.Release|Any CPU.ActiveCfg = Release|Any CPU
		{9DCCF87B-0473-45B7-AA12-D0CEF9A9CC9D}.Release|Any CPU.Build.0 = Release|Any CPU
		{2966CC55-5F15-4932-B05B-AA05A09386E8}.Debug|Any CPU.ActiveCfg = Debug|Any CPU
		{2966CC55-5F15-4932-B05B-AA05A09386E8}.Debug|Any CPU.Build.0 = Debug|Any CPU
		{2966CC55-5F15-4932-B05B-AA05A09386E8}.Release|Any CPU.ActiveCfg = Release|Any CPU
		{2966CC55-5F15-4932-B05B-AA05A09386E8}.Release|Any CPU.Build.0 = Release|Any CPU
		{C5C63EFD-1538-4728-9BAE-DB17C159B4C7}.Debug|Any CPU.ActiveCfg = Debug|Any CPU
		{C5C63EFD-1538-4728-9BAE-DB17C159B4C7}.Debug|Any CPU.Build.0 = Debug|Any CPU
		{C5C63EFD-1538-4728-9BAE-DB17C159B4C7}.Release|Any CPU.ActiveCfg = Release|Any CPU
		{C5C63EFD-1538-4728-9BAE-DB17C159B4C7}.Release|Any CPU.Build.0 = Release|Any CPU
		{B500C58C-C688-4F2A-BCD0-5914AA08D129}.Debug|Any CPU.ActiveCfg = Debug|Any CPU
		{B500C58C-C688-4F2A-BCD0-5914AA08D129}.Debug|Any CPU.Build.0 = Debug|Any CPU
		{B500C58C-C688-4F2A-BCD0-5914AA08D129}.Release|Any CPU.ActiveCfg = Release|Any CPU
		{B500C58C-C688-4F2A-BCD0-5914AA08D129}.Release|Any CPU.Build.0 = Release|Any CPU
		{9D090965-EAA7-41B9-8AE9-8259286B3484}.Debug|Any CPU.ActiveCfg = Debug|Any CPU
		{9D090965-EAA7-41B9-8AE9-8259286B3484}.Debug|Any CPU.Build.0 = Debug|Any CPU
		{9D090965-EAA7-41B9-8AE9-8259286B3484}.Release|Any CPU.ActiveCfg = Release|Any CPU
		{9D090965-EAA7-41B9-8AE9-8259286B3484}.Release|Any CPU.Build.0 = Release|Any CPU
		{54A1F4A2-4FCA-45F1-B431-165A38ED675D}.Debug|Any CPU.ActiveCfg = Debug|Any CPU
		{54A1F4A2-4FCA-45F1-B431-165A38ED675D}.Debug|Any CPU.Build.0 = Debug|Any CPU
		{54A1F4A2-4FCA-45F1-B431-165A38ED675D}.Release|Any CPU.ActiveCfg = Release|Any CPU
		{54A1F4A2-4FCA-45F1-B431-165A38ED675D}.Release|Any CPU.Build.0 = Release|Any CPU
		{D6E7E042-666A-4EE5-8C72-8D4CED61F765}.Debug|Any CPU.ActiveCfg = Debug|Any CPU
		{D6E7E042-666A-4EE5-8C72-8D4CED61F765}.Debug|Any CPU.Build.0 = Debug|Any CPU
		{D6E7E042-666A-4EE5-8C72-8D4CED61F765}.Release|Any CPU.ActiveCfg = Release|Any CPU
		{D6E7E042-666A-4EE5-8C72-8D4CED61F765}.Release|Any CPU.Build.0 = Release|Any CPU
		{C5417AB0-9D05-47A4-9EA3-6074107D1135}.Debug|Any CPU.ActiveCfg = Debug|Any CPU
		{C5417AB0-9D05-47A4-9EA3-6074107D1135}.Debug|Any CPU.Build.0 = Debug|Any CPU
		{C5417AB0-9D05-47A4-9EA3-6074107D1135}.Release|Any CPU.ActiveCfg = Release|Any CPU
		{C5417AB0-9D05-47A4-9EA3-6074107D1135}.Release|Any CPU.Build.0 = Release|Any CPU
		{8CF612EA-9949-4D4C-9C9D-6732AF0B215C}.Debug|Any CPU.ActiveCfg = Debug|Any CPU
		{8CF612EA-9949-4D4C-9C9D-6732AF0B215C}.Debug|Any CPU.Build.0 = Debug|Any CPU
		{8CF612EA-9949-4D4C-9C9D-6732AF0B215C}.Release|Any CPU.ActiveCfg = Release|Any CPU
		{8CF612EA-9949-4D4C-9C9D-6732AF0B215C}.Release|Any CPU.Build.0 = Release|Any CPU
		{520E952C-6B02-4653-973B-4ECEBD9EC3A4}.Debug|Any CPU.ActiveCfg = Debug|Any CPU
		{520E952C-6B02-4653-973B-4ECEBD9EC3A4}.Debug|Any CPU.Build.0 = Debug|Any CPU
		{520E952C-6B02-4653-973B-4ECEBD9EC3A4}.Release|Any CPU.ActiveCfg = Release|Any CPU
		{520E952C-6B02-4653-973B-4ECEBD9EC3A4}.Release|Any CPU.Build.0 = Release|Any CPU
		{563F77A0-C38C-4545-A30B-DC7BF563A6EC}.Debug|Any CPU.ActiveCfg = Debug|Any CPU
		{563F77A0-C38C-4545-A30B-DC7BF563A6EC}.Debug|Any CPU.Build.0 = Debug|Any CPU
		{563F77A0-C38C-4545-A30B-DC7BF563A6EC}.Release|Any CPU.ActiveCfg = Release|Any CPU
		{563F77A0-C38C-4545-A30B-DC7BF563A6EC}.Release|Any CPU.Build.0 = Release|Any CPU
		{A331EE03-7D5F-4EDD-891C-C704DBC1E094}.Debug|Any CPU.ActiveCfg = Debug|Any CPU
		{A331EE03-7D5F-4EDD-891C-C704DBC1E094}.Debug|Any CPU.Build.0 = Debug|Any CPU
		{A331EE03-7D5F-4EDD-891C-C704DBC1E094}.Release|Any CPU.ActiveCfg = Release|Any CPU
		{A331EE03-7D5F-4EDD-891C-C704DBC1E094}.Release|Any CPU.Build.0 = Release|Any CPU
		{81540DF2-2F4B-4EA4-9919-48BDA161305D}.Debug|Any CPU.ActiveCfg = Debug|Any CPU
		{81540DF2-2F4B-4EA4-9919-48BDA161305D}.Debug|Any CPU.Build.0 = Debug|Any CPU
		{81540DF2-2F4B-4EA4-9919-48BDA161305D}.Release|Any CPU.ActiveCfg = Release|Any CPU
		{81540DF2-2F4B-4EA4-9919-48BDA161305D}.Release|Any CPU.Build.0 = Release|Any CPU
		{43394227-3493-4D68-B2E7-C272E1971471}.Debug|Any CPU.ActiveCfg = Debug|Any CPU
		{43394227-3493-4D68-B2E7-C272E1971471}.Debug|Any CPU.Build.0 = Debug|Any CPU
		{43394227-3493-4D68-B2E7-C272E1971471}.Release|Any CPU.ActiveCfg = Release|Any CPU
		{43394227-3493-4D68-B2E7-C272E1971471}.Release|Any CPU.Build.0 = Release|Any CPU
		{7BF4F222-6CAF-451D-9ED5-67948A26270A}.Debug|Any CPU.ActiveCfg = Debug|Any CPU
		{7BF4F222-6CAF-451D-9ED5-67948A26270A}.Debug|Any CPU.Build.0 = Debug|Any CPU
		{7BF4F222-6CAF-451D-9ED5-67948A26270A}.Release|Any CPU.ActiveCfg = Release|Any CPU
		{7BF4F222-6CAF-451D-9ED5-67948A26270A}.Release|Any CPU.Build.0 = Release|Any CPU
		{B0702845-C0FD-46E9-901D-B23CF6164502}.Debug|Any CPU.ActiveCfg = Debug|Any CPU
		{B0702845-C0FD-46E9-901D-B23CF6164502}.Debug|Any CPU.Build.0 = Debug|Any CPU
		{B0702845-C0FD-46E9-901D-B23CF6164502}.Release|Any CPU.ActiveCfg = Release|Any CPU
		{B0702845-C0FD-46E9-901D-B23CF6164502}.Release|Any CPU.Build.0 = Release|Any CPU
		{CC9949E9-82CF-418B-9E5C-C14CEBE75D81}.Debug|Any CPU.ActiveCfg = Debug|Any CPU
		{CC9949E9-82CF-418B-9E5C-C14CEBE75D81}.Debug|Any CPU.Build.0 = Debug|Any CPU
		{CC9949E9-82CF-418B-9E5C-C14CEBE75D81}.Release|Any CPU.ActiveCfg = Release|Any CPU
		{CC9949E9-82CF-418B-9E5C-C14CEBE75D81}.Release|Any CPU.Build.0 = Release|Any CPU
		{3C14A8BF-2ED1-4E0D-B0B9-E9FD26B15726}.Debug|Any CPU.ActiveCfg = Debug|Any CPU
		{3C14A8BF-2ED1-4E0D-B0B9-E9FD26B15726}.Debug|Any CPU.Build.0 = Debug|Any CPU
		{3C14A8BF-2ED1-4E0D-B0B9-E9FD26B15726}.Release|Any CPU.ActiveCfg = Release|Any CPU
		{3C14A8BF-2ED1-4E0D-B0B9-E9FD26B15726}.Release|Any CPU.Build.0 = Release|Any CPU
		{D5E0CD01-0AD2-4141-88FE-2580EC77C321}.Debug|Any CPU.ActiveCfg = Debug|Any CPU
		{D5E0CD01-0AD2-4141-88FE-2580EC77C321}.Debug|Any CPU.Build.0 = Debug|Any CPU
		{D5E0CD01-0AD2-4141-88FE-2580EC77C321}.Release|Any CPU.ActiveCfg = Release|Any CPU
		{D5E0CD01-0AD2-4141-88FE-2580EC77C321}.Release|Any CPU.Build.0 = Release|Any CPU
		{CD5FDEF7-33C4-494B-A1BA-A2BF8A788270}.Debug|Any CPU.ActiveCfg = Debug|Any CPU
		{CD5FDEF7-33C4-494B-A1BA-A2BF8A788270}.Debug|Any CPU.Build.0 = Debug|Any CPU
		{CD5FDEF7-33C4-494B-A1BA-A2BF8A788270}.Release|Any CPU.ActiveCfg = Release|Any CPU
		{CD5FDEF7-33C4-494B-A1BA-A2BF8A788270}.Release|Any CPU.Build.0 = Release|Any CPU
		{F10CD5D3-03A0-415A-9E61-C6CD50BD16DA}.Debug|Any CPU.ActiveCfg = Debug|Any CPU
		{F10CD5D3-03A0-415A-9E61-C6CD50BD16DA}.Debug|Any CPU.Build.0 = Debug|Any CPU
		{F10CD5D3-03A0-415A-9E61-C6CD50BD16DA}.Release|Any CPU.ActiveCfg = Release|Any CPU
		{F10CD5D3-03A0-415A-9E61-C6CD50BD16DA}.Release|Any CPU.Build.0 = Release|Any CPU
		{EF5B31E5-68BE-4964-A626-972C16CFAFD3}.Debug|Any CPU.ActiveCfg = Debug|Any CPU
		{EF5B31E5-68BE-4964-A626-972C16CFAFD3}.Debug|Any CPU.Build.0 = Debug|Any CPU
		{EF5B31E5-68BE-4964-A626-972C16CFAFD3}.Release|Any CPU.ActiveCfg = Release|Any CPU
		{EF5B31E5-68BE-4964-A626-972C16CFAFD3}.Release|Any CPU.Build.0 = Release|Any CPU
		{68E3AAE4-E20D-41B3-9D69-62336826C8E5}.Debug|Any CPU.ActiveCfg = Debug|Any CPU
		{68E3AAE4-E20D-41B3-9D69-62336826C8E5}.Debug|Any CPU.Build.0 = Debug|Any CPU
		{68E3AAE4-E20D-41B3-9D69-62336826C8E5}.Release|Any CPU.ActiveCfg = Release|Any CPU
		{68E3AAE4-E20D-41B3-9D69-62336826C8E5}.Release|Any CPU.Build.0 = Release|Any CPU
		{865ED8B3-076B-4603-A232-295EFF60C392}.Debug|Any CPU.ActiveCfg = Debug|Any CPU
		{865ED8B3-076B-4603-A232-295EFF60C392}.Debug|Any CPU.Build.0 = Debug|Any CPU
		{865ED8B3-076B-4603-A232-295EFF60C392}.Release|Any CPU.ActiveCfg = Release|Any CPU
		{865ED8B3-076B-4603-A232-295EFF60C392}.Release|Any CPU.Build.0 = Release|Any CPU
		{13FF91F0-6485-41C2-8084-9215E532632B}.Debug|Any CPU.ActiveCfg = Debug|Any CPU
		{13FF91F0-6485-41C2-8084-9215E532632B}.Debug|Any CPU.Build.0 = Debug|Any CPU
		{13FF91F0-6485-41C2-8084-9215E532632B}.Release|Any CPU.ActiveCfg = Release|Any CPU
		{13FF91F0-6485-41C2-8084-9215E532632B}.Release|Any CPU.Build.0 = Release|Any CPU
		{27533F27-8DE3-4906-9B3F-1841AE2BCDED}.Debug|Any CPU.ActiveCfg = Debug|Any CPU
		{27533F27-8DE3-4906-9B3F-1841AE2BCDED}.Debug|Any CPU.Build.0 = Debug|Any CPU
		{27533F27-8DE3-4906-9B3F-1841AE2BCDED}.Release|Any CPU.ActiveCfg = Release|Any CPU
		{27533F27-8DE3-4906-9B3F-1841AE2BCDED}.Release|Any CPU.Build.0 = Release|Any CPU
		{0F46B4BB-8F91-442F-8675-CE117A557452}.Debug|Any CPU.ActiveCfg = Debug|Any CPU
		{0F46B4BB-8F91-442F-8675-CE117A557452}.Debug|Any CPU.Build.0 = Debug|Any CPU
		{0F46B4BB-8F91-442F-8675-CE117A557452}.Release|Any CPU.ActiveCfg = Release|Any CPU
		{0F46B4BB-8F91-442F-8675-CE117A557452}.Release|Any CPU.Build.0 = Release|Any CPU
		{7F772939-79FD-4004-8576-63ADECB951B6}.Debug|Any CPU.ActiveCfg = Debug|Any CPU
		{7F772939-79FD-4004-8576-63ADECB951B6}.Debug|Any CPU.Build.0 = Debug|Any CPU
		{7F772939-79FD-4004-8576-63ADECB951B6}.Release|Any CPU.ActiveCfg = Release|Any CPU
		{7F772939-79FD-4004-8576-63ADECB951B6}.Release|Any CPU.Build.0 = Release|Any CPU
		{1AC4942A-A0FC-40CB-A0E5-0A788C648D87}.Debug|Any CPU.ActiveCfg = Debug|Any CPU
		{1AC4942A-A0FC-40CB-A0E5-0A788C648D87}.Debug|Any CPU.Build.0 = Debug|Any CPU
		{1AC4942A-A0FC-40CB-A0E5-0A788C648D87}.Release|Any CPU.ActiveCfg = Release|Any CPU
		{1AC4942A-A0FC-40CB-A0E5-0A788C648D87}.Release|Any CPU.Build.0 = Release|Any CPU
		{FE590A05-D2A4-43C3-B94C-D2DEE3331351}.Debug|Any CPU.ActiveCfg = Debug|Any CPU
		{FE590A05-D2A4-43C3-B94C-D2DEE3331351}.Debug|Any CPU.Build.0 = Debug|Any CPU
		{FE590A05-D2A4-43C3-B94C-D2DEE3331351}.Release|Any CPU.ActiveCfg = Release|Any CPU
		{FE590A05-D2A4-43C3-B94C-D2DEE3331351}.Release|Any CPU.Build.0 = Release|Any CPU
		{185F60F2-C9B1-4685-A1AB-ACB9C9800E68}.Debug|Any CPU.ActiveCfg = Debug|Any CPU
		{185F60F2-C9B1-4685-A1AB-ACB9C9800E68}.Debug|Any CPU.Build.0 = Debug|Any CPU
		{185F60F2-C9B1-4685-A1AB-ACB9C9800E68}.Release|Any CPU.ActiveCfg = Release|Any CPU
		{185F60F2-C9B1-4685-A1AB-ACB9C9800E68}.Release|Any CPU.Build.0 = Release|Any CPU
		{239EE81F-C7C6-44C9-B232-47C07F168623}.Debug|Any CPU.ActiveCfg = Debug|Any CPU
		{239EE81F-C7C6-44C9-B232-47C07F168623}.Debug|Any CPU.Build.0 = Debug|Any CPU
		{239EE81F-C7C6-44C9-B232-47C07F168623}.Release|Any CPU.ActiveCfg = Release|Any CPU
		{239EE81F-C7C6-44C9-B232-47C07F168623}.Release|Any CPU.Build.0 = Release|Any CPU
		{29207FAF-9D46-4578-990D-652BA16AB0D9}.Debug|Any CPU.ActiveCfg = Debug|Any CPU
		{29207FAF-9D46-4578-990D-652BA16AB0D9}.Debug|Any CPU.Build.0 = Debug|Any CPU
		{29207FAF-9D46-4578-990D-652BA16AB0D9}.Release|Any CPU.ActiveCfg = Release|Any CPU
		{29207FAF-9D46-4578-990D-652BA16AB0D9}.Release|Any CPU.Build.0 = Release|Any CPU
		{1B2568E6-24AD-438E-8B73-F3CAF0FD2967}.Debug|Any CPU.ActiveCfg = Debug|Any CPU
		{1B2568E6-24AD-438E-8B73-F3CAF0FD2967}.Debug|Any CPU.Build.0 = Debug|Any CPU
		{1B2568E6-24AD-438E-8B73-F3CAF0FD2967}.Release|Any CPU.ActiveCfg = Release|Any CPU
		{1B2568E6-24AD-438E-8B73-F3CAF0FD2967}.Release|Any CPU.Build.0 = Release|Any CPU
	EndGlobalSection
	GlobalSection(SolutionProperties) = preSolution
		HideSolutionNode = FALSE
	EndGlobalSection
	GlobalSection(NestedProjects) = preSolution
		{02531D3F-C541-4C5B-8073-FE5C0E7EC966} = {02044A94-9D86-4411-AEE0-E67342EEF9BC}
		{CD023FE6-6B1D-41CE-B5DF-5DDB7CC05E62} = {962D0521-3FA9-4401-863C-A4FFCF06AEF1}
		{9DCCF87B-0473-45B7-AA12-D0CEF9A9CC9D} = {962D0521-3FA9-4401-863C-A4FFCF06AEF1}
		{2966CC55-5F15-4932-B05B-AA05A09386E8} = {962D0521-3FA9-4401-863C-A4FFCF06AEF1}
		{C5C63EFD-1538-4728-9BAE-DB17C159B4C7} = {962D0521-3FA9-4401-863C-A4FFCF06AEF1}
		{B500C58C-C688-4F2A-BCD0-5914AA08D129} = {962D0521-3FA9-4401-863C-A4FFCF06AEF1}
		{9D090965-EAA7-41B9-8AE9-8259286B3484} = {962D0521-3FA9-4401-863C-A4FFCF06AEF1}
		{54A1F4A2-4FCA-45F1-B431-165A38ED675D} = {962D0521-3FA9-4401-863C-A4FFCF06AEF1}
		{D6E7E042-666A-4EE5-8C72-8D4CED61F765} = {962D0521-3FA9-4401-863C-A4FFCF06AEF1}
		{C5417AB0-9D05-47A4-9EA3-6074107D1135} = {962D0521-3FA9-4401-863C-A4FFCF06AEF1}
		{8CF612EA-9949-4D4C-9C9D-6732AF0B215C} = {962D0521-3FA9-4401-863C-A4FFCF06AEF1}
		{520E952C-6B02-4653-973B-4ECEBD9EC3A4} = {962D0521-3FA9-4401-863C-A4FFCF06AEF1}
		{563F77A0-C38C-4545-A30B-DC7BF563A6EC} = {962D0521-3FA9-4401-863C-A4FFCF06AEF1}
		{A331EE03-7D5F-4EDD-891C-C704DBC1E094} = {962D0521-3FA9-4401-863C-A4FFCF06AEF1}
		{81540DF2-2F4B-4EA4-9919-48BDA161305D} = {962D0521-3FA9-4401-863C-A4FFCF06AEF1}
		{43394227-3493-4D68-B2E7-C272E1971471} = {962D0521-3FA9-4401-863C-A4FFCF06AEF1}
		{7BF4F222-6CAF-451D-9ED5-67948A26270A} = {962D0521-3FA9-4401-863C-A4FFCF06AEF1}
		{B0702845-C0FD-46E9-901D-B23CF6164502} = {962D0521-3FA9-4401-863C-A4FFCF06AEF1}
		{CC9949E9-82CF-418B-9E5C-C14CEBE75D81} = {962D0521-3FA9-4401-863C-A4FFCF06AEF1}
		{3C14A8BF-2ED1-4E0D-B0B9-E9FD26B15726} = {962D0521-3FA9-4401-863C-A4FFCF06AEF1}
		{D5E0CD01-0AD2-4141-88FE-2580EC77C321} = {962D0521-3FA9-4401-863C-A4FFCF06AEF1}
		{CD5FDEF7-33C4-494B-A1BA-A2BF8A788270} = {962D0521-3FA9-4401-863C-A4FFCF06AEF1}
		{F10CD5D3-03A0-415A-9E61-C6CD50BD16DA} = {962D0521-3FA9-4401-863C-A4FFCF06AEF1}
		{EF5B31E5-68BE-4964-A626-972C16CFAFD3} = {962D0521-3FA9-4401-863C-A4FFCF06AEF1}
		{68E3AAE4-E20D-41B3-9D69-62336826C8E5} = {962D0521-3FA9-4401-863C-A4FFCF06AEF1}
		{865ED8B3-076B-4603-A232-295EFF60C392} = {962D0521-3FA9-4401-863C-A4FFCF06AEF1}
		{13FF91F0-6485-41C2-8084-9215E532632B} = {962D0521-3FA9-4401-863C-A4FFCF06AEF1}
		{27533F27-8DE3-4906-9B3F-1841AE2BCDED} = {962D0521-3FA9-4401-863C-A4FFCF06AEF1}
		{0F46B4BB-8F91-442F-8675-CE117A557452} = {962D0521-3FA9-4401-863C-A4FFCF06AEF1}
		{7F772939-79FD-4004-8576-63ADECB951B6} = {962D0521-3FA9-4401-863C-A4FFCF06AEF1}
		{1AC4942A-A0FC-40CB-A0E5-0A788C648D87} = {962D0521-3FA9-4401-863C-A4FFCF06AEF1}
		{FE590A05-D2A4-43C3-B94C-D2DEE3331351} = {962D0521-3FA9-4401-863C-A4FFCF06AEF1}
		{185F60F2-C9B1-4685-A1AB-ACB9C9800E68} = {962D0521-3FA9-4401-863C-A4FFCF06AEF1}
		{239EE81F-C7C6-44C9-B232-47C07F168623} = {962D0521-3FA9-4401-863C-A4FFCF06AEF1}
		{29207FAF-9D46-4578-990D-652BA16AB0D9} = {962D0521-3FA9-4401-863C-A4FFCF06AEF1}
		{1B2568E6-24AD-438E-8B73-F3CAF0FD2967} = {962D0521-3FA9-4401-863C-A4FFCF06AEF1}
	EndGlobalSection
	GlobalSection(ExtensibilityGlobals) = postSolution
		SolutionGuid = {62E8464D-328B-4DC4-BA6D-AE4BD8A8C7B1}
	EndGlobalSection
EndGlobal
