
Microsoft Visual Studio Solution File, Format Version 12.00
# Visual Studio Version 16
VisualStudioVersion = 16.0.30128.74
MinimumVisualStudioVersion = 10.0.40219.1
Project("{9A19103F-16F7-4668-BE54-9A1E7A4F7556}") = "ProjectsOfClassesAndObjects", "ClassAndObject\ProjectsOfClassesAndObjects.csproj", "{F5527EA0-6621-4E62-B934-FBE65E106114}"
EndProject
Project("{9A19103F-16F7-4668-BE54-9A1E7A4F7556}") = "Constructor", "Constructor\Constructor.csproj", "{4D2D0276-D811-43FA-A68E-729D678DEBCA}"
EndProject
Project("{9A19103F-16F7-4668-BE54-9A1E7A4F7556}") = "Methods", "Methods\Methods.csproj", "{6E258D73-1D58-4C93-AC39-4B8DBA03571F}"
EndProject
Project("{9A19103F-16F7-4668-BE54-9A1E7A4F7556}") = "DataTypeAndVariableType", "DataTypeAndVariableType\DataTypeAndVariableType.csproj", "{20A06569-A272-4A62-B18C-B9EEF0175D52}"
EndProject
Project("{9A19103F-16F7-4668-BE54-9A1E7A4F7556}") = "AccessSpecifier", "AccessSpecifier\AccessSpecifier.csproj", "{2B5A08C6-964E-42DC-A7D3-4047808E0511}"
EndProject
Project("{9A19103F-16F7-4668-BE54-9A1E7A4F7556}") = "Practice", "Practice\Practice.csproj", "{A299F253-309B-4493-82CC-524BD34C98F6}"
EndProject
Project("{9A19103F-16F7-4668-BE54-9A1E7A4F7556}") = "Inheritance", "Inheritance\Inheritance.csproj", "{5338E3F4-283D-4537-854B-A18C26F9D23D}"
EndProject
Project("{9A19103F-16F7-4668-BE54-9A1E7A4F7556}") = "Abstract", "Abstract\Abstract.csproj", "{9DCECCDB-73D5-458F-905B-97131E0E166A}"
EndProject
Project("{9A19103F-16F7-4668-BE54-9A1E7A4F7556}") = "Interface", "Interface\Interface.csproj", "{6590E9A0-3A6A-4283-A73E-3CC39103BF9A}"
EndProject
Project("{9A19103F-16F7-4668-BE54-9A1E7A4F7556}") = "Collection", "Collection\Collection.csproj", "{1382D63C-9E12-48C4-B48A-698F44F6BF0F}"
EndProject
Project("{9A19103F-16F7-4668-BE54-9A1E7A4F7556}") = "LeetCode", "LeetCode\LeetCode.csproj", "{92051F8D-981B-4FCA-AE6D-6F625B67CF27}"
EndProject
Project("{9A19103F-16F7-4668-BE54-9A1E7A4F7556}") = "Codeforces", "Codeforces\Codeforces.csproj", "{49E67C7D-BF25-4425-AB62-3E554232C660}"
EndProject
Project("{9A19103F-16F7-4668-BE54-9A1E7A4F7556}") = "NumericalMethods", "NumericalMethods\NumericalMethods.csproj", "{317B65CB-0BED-439E-9087-7C8CA4EB5936}"
EndProject
Project("{9A19103F-16F7-4668-BE54-9A1E7A4F7556}") = "Operators", "Operators\Operators.csproj", "{006B1BE7-84F8-452C-BF8D-776BED1EC0B7}"
EndProject
Project("{9A19103F-16F7-4668-BE54-9A1E7A4F7556}") = "ClassesStructuresAndObjects", "ClassesStructuresAndObjects\ClassesStructuresAndObjects.csproj", "{B5574AC4-763E-45EA-B316-DEED7A13B011}"
EndProject
Project("{9A19103F-16F7-4668-BE54-9A1E7A4F7556}") = "Enumeration", "Enumeration\Enumeration.csproj", "{8DE15521-B86E-48EF-8434-CDD6689C2AF9}"
EndProject
Project("{9A19103F-16F7-4668-BE54-9A1E7A4F7556}") = "Properties", "Properties\Properties.csproj", "{36B4CAFB-00DB-487D-94B3-78A7A312D9E7}"
EndProject
Project("{9A19103F-16F7-4668-BE54-9A1E7A4F7556}") = "HackerEarth", "HackerEarth\HackerEarth.csproj", "{43BDC23E-087A-4822-B1DE-EA77133D734D}"
EndProject
Project("{9A19103F-16F7-4668-BE54-9A1E7A4F7556}") = "Indexer", "Indexer\Indexer.csproj", "{3B20EE70-DFCD-4916-A3D6-6995FA21FD5B}"
EndProject
Project("{9A19103F-16F7-4668-BE54-9A1E7A4F7556}") = "Delegate", "Delegate\Delegate.csproj", "{FDECBDAC-5A73-4645-A913-FDDBB61FA0ED}"
EndProject
Project("{9A19103F-16F7-4668-BE54-9A1E7A4F7556}") = "LINQ", "LINQ\LINQ.csproj", "{F2FCCF3E-4C3D-43A5-BB66-D14B92EAACF9}"
EndProject
Project("{FAE04EC0-301F-11D3-BF4B-00C04F79EFBC}") = "LINQTOSQL", "LINQTOSQL\LINQTOSQL.csproj", "{B7AE25BF-DB26-4E1C-BE4D-2633B6F2E901}"
EndProject
Project("{9A19103F-16F7-4668-BE54-9A1E7A4F7556}") = "MethodExtension", "MethodExtension\MethodExtension.csproj", "{05BE0479-9A74-4DF8-99F0-3F9DCE8C6463}"
EndProject
Project("{FAE04EC0-301F-11D3-BF4B-00C04F79EFBC}") = "Threading", "Threading\Threading.csproj", "{70C42AE4-870B-4DEE-9EAE-5D8F17829CCE}"
EndProject
Project("{9A19103F-16F7-4668-BE54-9A1E7A4F7556}") = "ExceptionHandling", "ExceptionHandling\ExceptionHandling.csproj", "{A221745D-73B5-43AF-86C5-A030EB13FDFD}"
EndProject
Project("{9A19103F-16F7-4668-BE54-9A1E7A4F7556}") = "CSharpCodingStandard", "CSharpCodingStandard\CSharpCodingStandard.csproj", "{00ECB58F-7018-4392-ADB1-5D3405997013}"
EndProject
Project("{9A19103F-16F7-4668-BE54-9A1E7A4F7556}") = "PartialClassesAndMethods", "PartialClassesAndMethods\PartialClassesAndMethods.csproj", "{84B7A8A1-2609-4F8C-A375-DCA49AFFE0C4}"
EndProject
Project("{9A19103F-16F7-4668-BE54-9A1E7A4F7556}") = "Deconstructor", "Deconstructor\Deconstructor.csproj", "{6CDAE97D-F10B-4911-9920-9CCDFDCC40EA}"
EndProject
Project("{9A19103F-16F7-4668-BE54-9A1E7A4F7556}") = "Destructor", "Destructor\Destructor.csproj", "{53635E3F-2E09-4ADE-956E-15B2D6732185}"
EndProject
Project("{9A19103F-16F7-4668-BE54-9A1E7A4F7556}") = "RefAndOutParameters", "RefAndOutParameters\RefAndOutParameters.csproj", "{A43D66E6-0CD1-43EC-9BD7-B93A3520A510}"
EndProject
Project("{9A19103F-16F7-4668-BE54-9A1E7A4F7556}") = "Tuples", "Tuples\Tuples.csproj", "{8A60C7E5-C361-41B2-BFE5-D1E6BDBE94F9}"
EndProject
Project("{9A19103F-16F7-4668-BE54-9A1E7A4F7556}") = "PatternMatching", "PatternMatching\PatternMatching.csproj", "{BCBE4A72-38AF-4576-8AAF-32E98BB95BAB}"
EndProject
Project("{FAE04EC0-301F-11D3-BF4B-00C04F79EFBC}") = "MacrosAndPreProcessors", "MacrosAndPreProcessors\MacrosAndPreProcessors.csproj", "{4B4056A6-1960-442E-B343-5475A285D928}"
EndProject
Project("{FAE04EC0-301F-11D3-BF4B-00C04F79EFBC}") = "Threading1", "Threading1\Threading1.csproj", "{B16745DE-4E54-41C4-B485-71575107A4DA}"
EndProject
Project("{FAE04EC0-301F-11D3-BF4B-00C04F79EFBC}") = "Threading2", "Threading2\Threading2.csproj", "{6886E9AB-A45C-4E9E-8762-A2287E776830}"
EndProject
Global
	GlobalSection(SolutionConfigurationPlatforms) = preSolution
		Debug|Any CPU = Debug|Any CPU
		Debug|Default = Debug|Default
		Release|Any CPU = Release|Any CPU
		Release|Default = Release|Default
	EndGlobalSection
	GlobalSection(ProjectConfigurationPlatforms) = postSolution
		{F5527EA0-6621-4E62-B934-FBE65E106114}.Debug|Any CPU.ActiveCfg = Debug|Any CPU
		{F5527EA0-6621-4E62-B934-FBE65E106114}.Debug|Any CPU.Build.0 = Debug|Any CPU
		{F5527EA0-6621-4E62-B934-FBE65E106114}.Debug|Default.ActiveCfg = Debug|Any CPU
		{F5527EA0-6621-4E62-B934-FBE65E106114}.Debug|Default.Build.0 = Debug|Any CPU
		{F5527EA0-6621-4E62-B934-FBE65E106114}.Release|Any CPU.ActiveCfg = Release|Any CPU
		{F5527EA0-6621-4E62-B934-FBE65E106114}.Release|Any CPU.Build.0 = Release|Any CPU
		{F5527EA0-6621-4E62-B934-FBE65E106114}.Release|Default.ActiveCfg = Release|Any CPU
		{F5527EA0-6621-4E62-B934-FBE65E106114}.Release|Default.Build.0 = Release|Any CPU
		{4D2D0276-D811-43FA-A68E-729D678DEBCA}.Debug|Any CPU.ActiveCfg = Debug|Any CPU
		{4D2D0276-D811-43FA-A68E-729D678DEBCA}.Debug|Any CPU.Build.0 = Debug|Any CPU
		{4D2D0276-D811-43FA-A68E-729D678DEBCA}.Debug|Default.ActiveCfg = Debug|Any CPU
		{4D2D0276-D811-43FA-A68E-729D678DEBCA}.Debug|Default.Build.0 = Debug|Any CPU
		{4D2D0276-D811-43FA-A68E-729D678DEBCA}.Release|Any CPU.ActiveCfg = Release|Any CPU
		{4D2D0276-D811-43FA-A68E-729D678DEBCA}.Release|Any CPU.Build.0 = Release|Any CPU
		{4D2D0276-D811-43FA-A68E-729D678DEBCA}.Release|Default.ActiveCfg = Release|Any CPU
		{4D2D0276-D811-43FA-A68E-729D678DEBCA}.Release|Default.Build.0 = Release|Any CPU
		{6E258D73-1D58-4C93-AC39-4B8DBA03571F}.Debug|Any CPU.ActiveCfg = Debug|Any CPU
		{6E258D73-1D58-4C93-AC39-4B8DBA03571F}.Debug|Any CPU.Build.0 = Debug|Any CPU
		{6E258D73-1D58-4C93-AC39-4B8DBA03571F}.Debug|Default.ActiveCfg = Debug|Any CPU
		{6E258D73-1D58-4C93-AC39-4B8DBA03571F}.Debug|Default.Build.0 = Debug|Any CPU
		{6E258D73-1D58-4C93-AC39-4B8DBA03571F}.Release|Any CPU.ActiveCfg = Release|Any CPU
		{6E258D73-1D58-4C93-AC39-4B8DBA03571F}.Release|Any CPU.Build.0 = Release|Any CPU
		{6E258D73-1D58-4C93-AC39-4B8DBA03571F}.Release|Default.ActiveCfg = Release|Any CPU
		{6E258D73-1D58-4C93-AC39-4B8DBA03571F}.Release|Default.Build.0 = Release|Any CPU
		{20A06569-A272-4A62-B18C-B9EEF0175D52}.Debug|Any CPU.ActiveCfg = Debug|Any CPU
		{20A06569-A272-4A62-B18C-B9EEF0175D52}.Debug|Any CPU.Build.0 = Debug|Any CPU
		{20A06569-A272-4A62-B18C-B9EEF0175D52}.Debug|Default.ActiveCfg = Debug|Any CPU
		{20A06569-A272-4A62-B18C-B9EEF0175D52}.Debug|Default.Build.0 = Debug|Any CPU
		{20A06569-A272-4A62-B18C-B9EEF0175D52}.Release|Any CPU.ActiveCfg = Release|Any CPU
		{20A06569-A272-4A62-B18C-B9EEF0175D52}.Release|Any CPU.Build.0 = Release|Any CPU
		{20A06569-A272-4A62-B18C-B9EEF0175D52}.Release|Default.ActiveCfg = Release|Any CPU
		{20A06569-A272-4A62-B18C-B9EEF0175D52}.Release|Default.Build.0 = Release|Any CPU
		{2B5A08C6-964E-42DC-A7D3-4047808E0511}.Debug|Any CPU.ActiveCfg = Debug|Any CPU
		{2B5A08C6-964E-42DC-A7D3-4047808E0511}.Debug|Any CPU.Build.0 = Debug|Any CPU
		{2B5A08C6-964E-42DC-A7D3-4047808E0511}.Debug|Default.ActiveCfg = Debug|Any CPU
		{2B5A08C6-964E-42DC-A7D3-4047808E0511}.Debug|Default.Build.0 = Debug|Any CPU
		{2B5A08C6-964E-42DC-A7D3-4047808E0511}.Release|Any CPU.ActiveCfg = Release|Any CPU
		{2B5A08C6-964E-42DC-A7D3-4047808E0511}.Release|Any CPU.Build.0 = Release|Any CPU
		{2B5A08C6-964E-42DC-A7D3-4047808E0511}.Release|Default.ActiveCfg = Release|Any CPU
		{2B5A08C6-964E-42DC-A7D3-4047808E0511}.Release|Default.Build.0 = Release|Any CPU
		{A299F253-309B-4493-82CC-524BD34C98F6}.Debug|Any CPU.ActiveCfg = Debug|Any CPU
		{A299F253-309B-4493-82CC-524BD34C98F6}.Debug|Any CPU.Build.0 = Debug|Any CPU
		{A299F253-309B-4493-82CC-524BD34C98F6}.Debug|Default.ActiveCfg = Debug|Any CPU
		{A299F253-309B-4493-82CC-524BD34C98F6}.Debug|Default.Build.0 = Debug|Any CPU
		{A299F253-309B-4493-82CC-524BD34C98F6}.Release|Any CPU.ActiveCfg = Release|Any CPU
		{A299F253-309B-4493-82CC-524BD34C98F6}.Release|Any CPU.Build.0 = Release|Any CPU
		{A299F253-309B-4493-82CC-524BD34C98F6}.Release|Default.ActiveCfg = Release|Any CPU
		{A299F253-309B-4493-82CC-524BD34C98F6}.Release|Default.Build.0 = Release|Any CPU
		{5338E3F4-283D-4537-854B-A18C26F9D23D}.Debug|Any CPU.ActiveCfg = Debug|Any CPU
		{5338E3F4-283D-4537-854B-A18C26F9D23D}.Debug|Any CPU.Build.0 = Debug|Any CPU
		{5338E3F4-283D-4537-854B-A18C26F9D23D}.Debug|Default.ActiveCfg = Debug|Any CPU
		{5338E3F4-283D-4537-854B-A18C26F9D23D}.Debug|Default.Build.0 = Debug|Any CPU
		{5338E3F4-283D-4537-854B-A18C26F9D23D}.Release|Any CPU.ActiveCfg = Release|Any CPU
		{5338E3F4-283D-4537-854B-A18C26F9D23D}.Release|Any CPU.Build.0 = Release|Any CPU
		{5338E3F4-283D-4537-854B-A18C26F9D23D}.Release|Default.ActiveCfg = Release|Any CPU
		{5338E3F4-283D-4537-854B-A18C26F9D23D}.Release|Default.Build.0 = Release|Any CPU
		{9DCECCDB-73D5-458F-905B-97131E0E166A}.Debug|Any CPU.ActiveCfg = Debug|Any CPU
		{9DCECCDB-73D5-458F-905B-97131E0E166A}.Debug|Any CPU.Build.0 = Debug|Any CPU
		{9DCECCDB-73D5-458F-905B-97131E0E166A}.Debug|Default.ActiveCfg = Debug|Any CPU
		{9DCECCDB-73D5-458F-905B-97131E0E166A}.Debug|Default.Build.0 = Debug|Any CPU
		{9DCECCDB-73D5-458F-905B-97131E0E166A}.Release|Any CPU.ActiveCfg = Release|Any CPU
		{9DCECCDB-73D5-458F-905B-97131E0E166A}.Release|Any CPU.Build.0 = Release|Any CPU
		{9DCECCDB-73D5-458F-905B-97131E0E166A}.Release|Default.ActiveCfg = Release|Any CPU
		{9DCECCDB-73D5-458F-905B-97131E0E166A}.Release|Default.Build.0 = Release|Any CPU
		{6590E9A0-3A6A-4283-A73E-3CC39103BF9A}.Debug|Any CPU.ActiveCfg = Debug|Any CPU
		{6590E9A0-3A6A-4283-A73E-3CC39103BF9A}.Debug|Any CPU.Build.0 = Debug|Any CPU
		{6590E9A0-3A6A-4283-A73E-3CC39103BF9A}.Debug|Default.ActiveCfg = Debug|Any CPU
		{6590E9A0-3A6A-4283-A73E-3CC39103BF9A}.Debug|Default.Build.0 = Debug|Any CPU
		{6590E9A0-3A6A-4283-A73E-3CC39103BF9A}.Release|Any CPU.ActiveCfg = Release|Any CPU
		{6590E9A0-3A6A-4283-A73E-3CC39103BF9A}.Release|Any CPU.Build.0 = Release|Any CPU
		{6590E9A0-3A6A-4283-A73E-3CC39103BF9A}.Release|Default.ActiveCfg = Release|Any CPU
		{6590E9A0-3A6A-4283-A73E-3CC39103BF9A}.Release|Default.Build.0 = Release|Any CPU
		{1382D63C-9E12-48C4-B48A-698F44F6BF0F}.Debug|Any CPU.ActiveCfg = Debug|Any CPU
		{1382D63C-9E12-48C4-B48A-698F44F6BF0F}.Debug|Any CPU.Build.0 = Debug|Any CPU
		{1382D63C-9E12-48C4-B48A-698F44F6BF0F}.Debug|Default.ActiveCfg = Debug|Any CPU
		{1382D63C-9E12-48C4-B48A-698F44F6BF0F}.Debug|Default.Build.0 = Debug|Any CPU
		{1382D63C-9E12-48C4-B48A-698F44F6BF0F}.Release|Any CPU.ActiveCfg = Release|Any CPU
		{1382D63C-9E12-48C4-B48A-698F44F6BF0F}.Release|Any CPU.Build.0 = Release|Any CPU
		{1382D63C-9E12-48C4-B48A-698F44F6BF0F}.Release|Default.ActiveCfg = Release|Any CPU
		{1382D63C-9E12-48C4-B48A-698F44F6BF0F}.Release|Default.Build.0 = Release|Any CPU
		{92051F8D-981B-4FCA-AE6D-6F625B67CF27}.Debug|Any CPU.ActiveCfg = Debug|Any CPU
		{92051F8D-981B-4FCA-AE6D-6F625B67CF27}.Debug|Any CPU.Build.0 = Debug|Any CPU
		{92051F8D-981B-4FCA-AE6D-6F625B67CF27}.Debug|Default.ActiveCfg = Debug|Any CPU
		{92051F8D-981B-4FCA-AE6D-6F625B67CF27}.Debug|Default.Build.0 = Debug|Any CPU
		{92051F8D-981B-4FCA-AE6D-6F625B67CF27}.Release|Any CPU.ActiveCfg = Release|Any CPU
		{92051F8D-981B-4FCA-AE6D-6F625B67CF27}.Release|Any CPU.Build.0 = Release|Any CPU
		{92051F8D-981B-4FCA-AE6D-6F625B67CF27}.Release|Default.ActiveCfg = Release|Any CPU
		{92051F8D-981B-4FCA-AE6D-6F625B67CF27}.Release|Default.Build.0 = Release|Any CPU
		{49E67C7D-BF25-4425-AB62-3E554232C660}.Debug|Any CPU.ActiveCfg = Debug|Any CPU
		{49E67C7D-BF25-4425-AB62-3E554232C660}.Debug|Any CPU.Build.0 = Debug|Any CPU
		{49E67C7D-BF25-4425-AB62-3E554232C660}.Debug|Default.ActiveCfg = Debug|Any CPU
		{49E67C7D-BF25-4425-AB62-3E554232C660}.Debug|Default.Build.0 = Debug|Any CPU
		{49E67C7D-BF25-4425-AB62-3E554232C660}.Release|Any CPU.ActiveCfg = Release|Any CPU
		{49E67C7D-BF25-4425-AB62-3E554232C660}.Release|Any CPU.Build.0 = Release|Any CPU
		{49E67C7D-BF25-4425-AB62-3E554232C660}.Release|Default.ActiveCfg = Release|Any CPU
		{49E67C7D-BF25-4425-AB62-3E554232C660}.Release|Default.Build.0 = Release|Any CPU
		{317B65CB-0BED-439E-9087-7C8CA4EB5936}.Debug|Any CPU.ActiveCfg = Debug|Any CPU
		{317B65CB-0BED-439E-9087-7C8CA4EB5936}.Debug|Any CPU.Build.0 = Debug|Any CPU
		{317B65CB-0BED-439E-9087-7C8CA4EB5936}.Debug|Default.ActiveCfg = Debug|Any CPU
		{317B65CB-0BED-439E-9087-7C8CA4EB5936}.Debug|Default.Build.0 = Debug|Any CPU
		{317B65CB-0BED-439E-9087-7C8CA4EB5936}.Release|Any CPU.ActiveCfg = Release|Any CPU
		{317B65CB-0BED-439E-9087-7C8CA4EB5936}.Release|Any CPU.Build.0 = Release|Any CPU
		{317B65CB-0BED-439E-9087-7C8CA4EB5936}.Release|Default.ActiveCfg = Release|Any CPU
		{317B65CB-0BED-439E-9087-7C8CA4EB5936}.Release|Default.Build.0 = Release|Any CPU
		{006B1BE7-84F8-452C-BF8D-776BED1EC0B7}.Debug|Any CPU.ActiveCfg = Debug|Any CPU
		{006B1BE7-84F8-452C-BF8D-776BED1EC0B7}.Debug|Any CPU.Build.0 = Debug|Any CPU
		{006B1BE7-84F8-452C-BF8D-776BED1EC0B7}.Debug|Default.ActiveCfg = Debug|Any CPU
		{006B1BE7-84F8-452C-BF8D-776BED1EC0B7}.Debug|Default.Build.0 = Debug|Any CPU
		{006B1BE7-84F8-452C-BF8D-776BED1EC0B7}.Release|Any CPU.ActiveCfg = Release|Any CPU
		{006B1BE7-84F8-452C-BF8D-776BED1EC0B7}.Release|Any CPU.Build.0 = Release|Any CPU
		{006B1BE7-84F8-452C-BF8D-776BED1EC0B7}.Release|Default.ActiveCfg = Release|Any CPU
		{006B1BE7-84F8-452C-BF8D-776BED1EC0B7}.Release|Default.Build.0 = Release|Any CPU
		{B5574AC4-763E-45EA-B316-DEED7A13B011}.Debug|Any CPU.ActiveCfg = Debug|Any CPU
		{B5574AC4-763E-45EA-B316-DEED7A13B011}.Debug|Any CPU.Build.0 = Debug|Any CPU
		{B5574AC4-763E-45EA-B316-DEED7A13B011}.Debug|Default.ActiveCfg = Debug|Any CPU
		{B5574AC4-763E-45EA-B316-DEED7A13B011}.Debug|Default.Build.0 = Debug|Any CPU
		{B5574AC4-763E-45EA-B316-DEED7A13B011}.Release|Any CPU.ActiveCfg = Release|Any CPU
		{B5574AC4-763E-45EA-B316-DEED7A13B011}.Release|Any CPU.Build.0 = Release|Any CPU
		{B5574AC4-763E-45EA-B316-DEED7A13B011}.Release|Default.ActiveCfg = Release|Any CPU
		{B5574AC4-763E-45EA-B316-DEED7A13B011}.Release|Default.Build.0 = Release|Any CPU
		{8DE15521-B86E-48EF-8434-CDD6689C2AF9}.Debug|Any CPU.ActiveCfg = Debug|Any CPU
		{8DE15521-B86E-48EF-8434-CDD6689C2AF9}.Debug|Any CPU.Build.0 = Debug|Any CPU
		{8DE15521-B86E-48EF-8434-CDD6689C2AF9}.Debug|Default.ActiveCfg = Debug|Any CPU
		{8DE15521-B86E-48EF-8434-CDD6689C2AF9}.Debug|Default.Build.0 = Debug|Any CPU
		{8DE15521-B86E-48EF-8434-CDD6689C2AF9}.Release|Any CPU.ActiveCfg = Release|Any CPU
		{8DE15521-B86E-48EF-8434-CDD6689C2AF9}.Release|Any CPU.Build.0 = Release|Any CPU
		{8DE15521-B86E-48EF-8434-CDD6689C2AF9}.Release|Default.ActiveCfg = Release|Any CPU
		{8DE15521-B86E-48EF-8434-CDD6689C2AF9}.Release|Default.Build.0 = Release|Any CPU
		{36B4CAFB-00DB-487D-94B3-78A7A312D9E7}.Debug|Any CPU.ActiveCfg = Debug|Any CPU
		{36B4CAFB-00DB-487D-94B3-78A7A312D9E7}.Debug|Any CPU.Build.0 = Debug|Any CPU
		{36B4CAFB-00DB-487D-94B3-78A7A312D9E7}.Debug|Default.ActiveCfg = Debug|Any CPU
		{36B4CAFB-00DB-487D-94B3-78A7A312D9E7}.Debug|Default.Build.0 = Debug|Any CPU
		{36B4CAFB-00DB-487D-94B3-78A7A312D9E7}.Release|Any CPU.ActiveCfg = Release|Any CPU
		{36B4CAFB-00DB-487D-94B3-78A7A312D9E7}.Release|Any CPU.Build.0 = Release|Any CPU
		{36B4CAFB-00DB-487D-94B3-78A7A312D9E7}.Release|Default.ActiveCfg = Release|Any CPU
		{36B4CAFB-00DB-487D-94B3-78A7A312D9E7}.Release|Default.Build.0 = Release|Any CPU
		{43BDC23E-087A-4822-B1DE-EA77133D734D}.Debug|Any CPU.ActiveCfg = Debug|Any CPU
		{43BDC23E-087A-4822-B1DE-EA77133D734D}.Debug|Any CPU.Build.0 = Debug|Any CPU
		{43BDC23E-087A-4822-B1DE-EA77133D734D}.Debug|Default.ActiveCfg = Debug|Any CPU
		{43BDC23E-087A-4822-B1DE-EA77133D734D}.Debug|Default.Build.0 = Debug|Any CPU
		{43BDC23E-087A-4822-B1DE-EA77133D734D}.Release|Any CPU.ActiveCfg = Release|Any CPU
		{43BDC23E-087A-4822-B1DE-EA77133D734D}.Release|Any CPU.Build.0 = Release|Any CPU
		{43BDC23E-087A-4822-B1DE-EA77133D734D}.Release|Default.ActiveCfg = Release|Any CPU
		{43BDC23E-087A-4822-B1DE-EA77133D734D}.Release|Default.Build.0 = Release|Any CPU
		{3B20EE70-DFCD-4916-A3D6-6995FA21FD5B}.Debug|Any CPU.ActiveCfg = Debug|Any CPU
		{3B20EE70-DFCD-4916-A3D6-6995FA21FD5B}.Debug|Any CPU.Build.0 = Debug|Any CPU
		{3B20EE70-DFCD-4916-A3D6-6995FA21FD5B}.Debug|Default.ActiveCfg = Debug|Any CPU
		{3B20EE70-DFCD-4916-A3D6-6995FA21FD5B}.Debug|Default.Build.0 = Debug|Any CPU
		{3B20EE70-DFCD-4916-A3D6-6995FA21FD5B}.Release|Any CPU.ActiveCfg = Release|Any CPU
		{3B20EE70-DFCD-4916-A3D6-6995FA21FD5B}.Release|Any CPU.Build.0 = Release|Any CPU
		{3B20EE70-DFCD-4916-A3D6-6995FA21FD5B}.Release|Default.ActiveCfg = Release|Any CPU
		{3B20EE70-DFCD-4916-A3D6-6995FA21FD5B}.Release|Default.Build.0 = Release|Any CPU
		{FDECBDAC-5A73-4645-A913-FDDBB61FA0ED}.Debug|Any CPU.ActiveCfg = Debug|Any CPU
		{FDECBDAC-5A73-4645-A913-FDDBB61FA0ED}.Debug|Any CPU.Build.0 = Debug|Any CPU
		{FDECBDAC-5A73-4645-A913-FDDBB61FA0ED}.Debug|Default.ActiveCfg = Debug|Any CPU
		{FDECBDAC-5A73-4645-A913-FDDBB61FA0ED}.Debug|Default.Build.0 = Debug|Any CPU
		{FDECBDAC-5A73-4645-A913-FDDBB61FA0ED}.Release|Any CPU.ActiveCfg = Release|Any CPU
		{FDECBDAC-5A73-4645-A913-FDDBB61FA0ED}.Release|Any CPU.Build.0 = Release|Any CPU
		{FDECBDAC-5A73-4645-A913-FDDBB61FA0ED}.Release|Default.ActiveCfg = Release|Any CPU
		{FDECBDAC-5A73-4645-A913-FDDBB61FA0ED}.Release|Default.Build.0 = Release|Any CPU
		{F2FCCF3E-4C3D-43A5-BB66-D14B92EAACF9}.Debug|Any CPU.ActiveCfg = Debug|Any CPU
		{F2FCCF3E-4C3D-43A5-BB66-D14B92EAACF9}.Debug|Any CPU.Build.0 = Debug|Any CPU
		{F2FCCF3E-4C3D-43A5-BB66-D14B92EAACF9}.Debug|Default.ActiveCfg = Debug|Any CPU
		{F2FCCF3E-4C3D-43A5-BB66-D14B92EAACF9}.Debug|Default.Build.0 = Debug|Any CPU
		{F2FCCF3E-4C3D-43A5-BB66-D14B92EAACF9}.Release|Any CPU.ActiveCfg = Release|Any CPU
		{F2FCCF3E-4C3D-43A5-BB66-D14B92EAACF9}.Release|Any CPU.Build.0 = Release|Any CPU
		{F2FCCF3E-4C3D-43A5-BB66-D14B92EAACF9}.Release|Default.ActiveCfg = Release|Any CPU
		{F2FCCF3E-4C3D-43A5-BB66-D14B92EAACF9}.Release|Default.Build.0 = Release|Any CPU
		{B7AE25BF-DB26-4E1C-BE4D-2633B6F2E901}.Debug|Any CPU.ActiveCfg = Debug|Any CPU
		{B7AE25BF-DB26-4E1C-BE4D-2633B6F2E901}.Debug|Any CPU.Build.0 = Debug|Any CPU
		{B7AE25BF-DB26-4E1C-BE4D-2633B6F2E901}.Debug|Default.ActiveCfg = Debug|Any CPU
		{B7AE25BF-DB26-4E1C-BE4D-2633B6F2E901}.Debug|Default.Build.0 = Debug|Any CPU
		{B7AE25BF-DB26-4E1C-BE4D-2633B6F2E901}.Release|Any CPU.ActiveCfg = Release|Any CPU
		{B7AE25BF-DB26-4E1C-BE4D-2633B6F2E901}.Release|Any CPU.Build.0 = Release|Any CPU
		{B7AE25BF-DB26-4E1C-BE4D-2633B6F2E901}.Release|Default.ActiveCfg = Release|Any CPU
		{B7AE25BF-DB26-4E1C-BE4D-2633B6F2E901}.Release|Default.Build.0 = Release|Any CPU
		{05BE0479-9A74-4DF8-99F0-3F9DCE8C6463}.Debug|Any CPU.ActiveCfg = Debug|Any CPU
		{05BE0479-9A74-4DF8-99F0-3F9DCE8C6463}.Debug|Any CPU.Build.0 = Debug|Any CPU
		{05BE0479-9A74-4DF8-99F0-3F9DCE8C6463}.Debug|Default.ActiveCfg = Debug|Any CPU
		{05BE0479-9A74-4DF8-99F0-3F9DCE8C6463}.Debug|Default.Build.0 = Debug|Any CPU
		{05BE0479-9A74-4DF8-99F0-3F9DCE8C6463}.Release|Any CPU.ActiveCfg = Release|Any CPU
		{05BE0479-9A74-4DF8-99F0-3F9DCE8C6463}.Release|Any CPU.Build.0 = Release|Any CPU
		{05BE0479-9A74-4DF8-99F0-3F9DCE8C6463}.Release|Default.ActiveCfg = Release|Any CPU
		{05BE0479-9A74-4DF8-99F0-3F9DCE8C6463}.Release|Default.Build.0 = Release|Any CPU
		{70C42AE4-870B-4DEE-9EAE-5D8F17829CCE}.Debug|Any CPU.ActiveCfg = Debug|Any CPU
		{70C42AE4-870B-4DEE-9EAE-5D8F17829CCE}.Debug|Any CPU.Build.0 = Debug|Any CPU
		{70C42AE4-870B-4DEE-9EAE-5D8F17829CCE}.Debug|Default.ActiveCfg = Debug|Any CPU
		{70C42AE4-870B-4DEE-9EAE-5D8F17829CCE}.Debug|Default.Build.0 = Debug|Any CPU
		{70C42AE4-870B-4DEE-9EAE-5D8F17829CCE}.Release|Any CPU.ActiveCfg = Release|Any CPU
		{70C42AE4-870B-4DEE-9EAE-5D8F17829CCE}.Release|Any CPU.Build.0 = Release|Any CPU
		{70C42AE4-870B-4DEE-9EAE-5D8F17829CCE}.Release|Default.ActiveCfg = Release|Any CPU
		{70C42AE4-870B-4DEE-9EAE-5D8F17829CCE}.Release|Default.Build.0 = Release|Any CPU
		{A221745D-73B5-43AF-86C5-A030EB13FDFD}.Debug|Any CPU.ActiveCfg = Debug|Any CPU
		{A221745D-73B5-43AF-86C5-A030EB13FDFD}.Debug|Any CPU.Build.0 = Debug|Any CPU
		{A221745D-73B5-43AF-86C5-A030EB13FDFD}.Debug|Default.ActiveCfg = Debug|Any CPU
		{A221745D-73B5-43AF-86C5-A030EB13FDFD}.Debug|Default.Build.0 = Debug|Any CPU
		{A221745D-73B5-43AF-86C5-A030EB13FDFD}.Release|Any CPU.ActiveCfg = Release|Any CPU
		{A221745D-73B5-43AF-86C5-A030EB13FDFD}.Release|Any CPU.Build.0 = Release|Any CPU
		{A221745D-73B5-43AF-86C5-A030EB13FDFD}.Release|Default.ActiveCfg = Release|Any CPU
		{A221745D-73B5-43AF-86C5-A030EB13FDFD}.Release|Default.Build.0 = Release|Any CPU
		{00ECB58F-7018-4392-ADB1-5D3405997013}.Debug|Any CPU.ActiveCfg = Debug|Any CPU
		{00ECB58F-7018-4392-ADB1-5D3405997013}.Debug|Any CPU.Build.0 = Debug|Any CPU
		{00ECB58F-7018-4392-ADB1-5D3405997013}.Debug|Default.ActiveCfg = Debug|Any CPU
		{00ECB58F-7018-4392-ADB1-5D3405997013}.Debug|Default.Build.0 = Debug|Any CPU
		{00ECB58F-7018-4392-ADB1-5D3405997013}.Release|Any CPU.ActiveCfg = Release|Any CPU
		{00ECB58F-7018-4392-ADB1-5D3405997013}.Release|Any CPU.Build.0 = Release|Any CPU
		{00ECB58F-7018-4392-ADB1-5D3405997013}.Release|Default.ActiveCfg = Release|Any CPU
		{00ECB58F-7018-4392-ADB1-5D3405997013}.Release|Default.Build.0 = Release|Any CPU
		{84B7A8A1-2609-4F8C-A375-DCA49AFFE0C4}.Debug|Any CPU.ActiveCfg = Debug|Any CPU
		{84B7A8A1-2609-4F8C-A375-DCA49AFFE0C4}.Debug|Any CPU.Build.0 = Debug|Any CPU
		{84B7A8A1-2609-4F8C-A375-DCA49AFFE0C4}.Debug|Default.ActiveCfg = Debug|Any CPU
		{84B7A8A1-2609-4F8C-A375-DCA49AFFE0C4}.Debug|Default.Build.0 = Debug|Any CPU
		{84B7A8A1-2609-4F8C-A375-DCA49AFFE0C4}.Release|Any CPU.ActiveCfg = Release|Any CPU
		{84B7A8A1-2609-4F8C-A375-DCA49AFFE0C4}.Release|Any CPU.Build.0 = Release|Any CPU
		{84B7A8A1-2609-4F8C-A375-DCA49AFFE0C4}.Release|Default.ActiveCfg = Release|Any CPU
		{84B7A8A1-2609-4F8C-A375-DCA49AFFE0C4}.Release|Default.Build.0 = Release|Any CPU
		{6CDAE97D-F10B-4911-9920-9CCDFDCC40EA}.Debug|Any CPU.ActiveCfg = Debug|Any CPU
		{6CDAE97D-F10B-4911-9920-9CCDFDCC40EA}.Debug|Any CPU.Build.0 = Debug|Any CPU
		{6CDAE97D-F10B-4911-9920-9CCDFDCC40EA}.Debug|Default.ActiveCfg = Debug|Any CPU
		{6CDAE97D-F10B-4911-9920-9CCDFDCC40EA}.Debug|Default.Build.0 = Debug|Any CPU
		{6CDAE97D-F10B-4911-9920-9CCDFDCC40EA}.Release|Any CPU.ActiveCfg = Release|Any CPU
		{6CDAE97D-F10B-4911-9920-9CCDFDCC40EA}.Release|Any CPU.Build.0 = Release|Any CPU
		{6CDAE97D-F10B-4911-9920-9CCDFDCC40EA}.Release|Default.ActiveCfg = Release|Any CPU
		{6CDAE97D-F10B-4911-9920-9CCDFDCC40EA}.Release|Default.Build.0 = Release|Any CPU
		{53635E3F-2E09-4ADE-956E-15B2D6732185}.Debug|Any CPU.ActiveCfg = Debug|Any CPU
		{53635E3F-2E09-4ADE-956E-15B2D6732185}.Debug|Any CPU.Build.0 = Debug|Any CPU
		{53635E3F-2E09-4ADE-956E-15B2D6732185}.Debug|Default.ActiveCfg = Debug|Any CPU
		{53635E3F-2E09-4ADE-956E-15B2D6732185}.Debug|Default.Build.0 = Debug|Any CPU
		{53635E3F-2E09-4ADE-956E-15B2D6732185}.Release|Any CPU.ActiveCfg = Release|Any CPU
		{53635E3F-2E09-4ADE-956E-15B2D6732185}.Release|Any CPU.Build.0 = Release|Any CPU
		{53635E3F-2E09-4ADE-956E-15B2D6732185}.Release|Default.ActiveCfg = Release|Any CPU
		{53635E3F-2E09-4ADE-956E-15B2D6732185}.Release|Default.Build.0 = Release|Any CPU
		{A43D66E6-0CD1-43EC-9BD7-B93A3520A510}.Debug|Any CPU.ActiveCfg = Debug|Any CPU
		{A43D66E6-0CD1-43EC-9BD7-B93A3520A510}.Debug|Any CPU.Build.0 = Debug|Any CPU
		{A43D66E6-0CD1-43EC-9BD7-B93A3520A510}.Debug|Default.ActiveCfg = Debug|Any CPU
		{A43D66E6-0CD1-43EC-9BD7-B93A3520A510}.Debug|Default.Build.0 = Debug|Any CPU
		{A43D66E6-0CD1-43EC-9BD7-B93A3520A510}.Release|Any CPU.ActiveCfg = Release|Any CPU
		{A43D66E6-0CD1-43EC-9BD7-B93A3520A510}.Release|Any CPU.Build.0 = Release|Any CPU
		{A43D66E6-0CD1-43EC-9BD7-B93A3520A510}.Release|Default.ActiveCfg = Release|Any CPU
		{A43D66E6-0CD1-43EC-9BD7-B93A3520A510}.Release|Default.Build.0 = Release|Any CPU
		{8A60C7E5-C361-41B2-BFE5-D1E6BDBE94F9}.Debug|Any CPU.ActiveCfg = Debug|Any CPU
		{8A60C7E5-C361-41B2-BFE5-D1E6BDBE94F9}.Debug|Any CPU.Build.0 = Debug|Any CPU
		{8A60C7E5-C361-41B2-BFE5-D1E6BDBE94F9}.Debug|Default.ActiveCfg = Debug|Any CPU
		{8A60C7E5-C361-41B2-BFE5-D1E6BDBE94F9}.Debug|Default.Build.0 = Debug|Any CPU
		{8A60C7E5-C361-41B2-BFE5-D1E6BDBE94F9}.Release|Any CPU.ActiveCfg = Release|Any CPU
		{8A60C7E5-C361-41B2-BFE5-D1E6BDBE94F9}.Release|Any CPU.Build.0 = Release|Any CPU
		{8A60C7E5-C361-41B2-BFE5-D1E6BDBE94F9}.Release|Default.ActiveCfg = Release|Any CPU
		{8A60C7E5-C361-41B2-BFE5-D1E6BDBE94F9}.Release|Default.Build.0 = Release|Any CPU
		{BCBE4A72-38AF-4576-8AAF-32E98BB95BAB}.Debug|Any CPU.ActiveCfg = Debug|Any CPU
		{BCBE4A72-38AF-4576-8AAF-32E98BB95BAB}.Debug|Any CPU.Build.0 = Debug|Any CPU
		{BCBE4A72-38AF-4576-8AAF-32E98BB95BAB}.Debug|Default.ActiveCfg = Debug|Any CPU
		{BCBE4A72-38AF-4576-8AAF-32E98BB95BAB}.Debug|Default.Build.0 = Debug|Any CPU
		{BCBE4A72-38AF-4576-8AAF-32E98BB95BAB}.Release|Any CPU.ActiveCfg = Release|Any CPU
		{BCBE4A72-38AF-4576-8AAF-32E98BB95BAB}.Release|Any CPU.Build.0 = Release|Any CPU
		{BCBE4A72-38AF-4576-8AAF-32E98BB95BAB}.Release|Default.ActiveCfg = Release|Any CPU
		{BCBE4A72-38AF-4576-8AAF-32E98BB95BAB}.Release|Default.Build.0 = Release|Any CPU
		{4B4056A6-1960-442E-B343-5475A285D928}.Debug|Any CPU.ActiveCfg = Debug|Any CPU
		{4B4056A6-1960-442E-B343-5475A285D928}.Debug|Any CPU.Build.0 = Debug|Any CPU
		{4B4056A6-1960-442E-B343-5475A285D928}.Debug|Default.ActiveCfg = Debug|Any CPU
		{4B4056A6-1960-442E-B343-5475A285D928}.Debug|Default.Build.0 = Debug|Any CPU
		{4B4056A6-1960-442E-B343-5475A285D928}.Release|Any CPU.ActiveCfg = Release|Any CPU
		{4B4056A6-1960-442E-B343-5475A285D928}.Release|Any CPU.Build.0 = Release|Any CPU
		{4B4056A6-1960-442E-B343-5475A285D928}.Release|Default.ActiveCfg = Release|Any CPU
		{4B4056A6-1960-442E-B343-5475A285D928}.Release|Default.Build.0 = Release|Any CPU
		{B16745DE-4E54-41C4-B485-71575107A4DA}.Debug|Any CPU.ActiveCfg = Debug|Any CPU
		{B16745DE-4E54-41C4-B485-71575107A4DA}.Debug|Any CPU.Build.0 = Debug|Any CPU
		{B16745DE-4E54-41C4-B485-71575107A4DA}.Debug|Default.ActiveCfg = Debug|Any CPU
		{B16745DE-4E54-41C4-B485-71575107A4DA}.Debug|Default.Build.0 = Debug|Any CPU
		{B16745DE-4E54-41C4-B485-71575107A4DA}.Release|Any CPU.ActiveCfg = Release|Any CPU
		{B16745DE-4E54-41C4-B485-71575107A4DA}.Release|Any CPU.Build.0 = Release|Any CPU
		{B16745DE-4E54-41C4-B485-71575107A4DA}.Release|Default.ActiveCfg = Release|Any CPU
		{B16745DE-4E54-41C4-B485-71575107A4DA}.Release|Default.Build.0 = Release|Any CPU
		{6886E9AB-A45C-4E9E-8762-A2287E776830}.Debug|Any CPU.ActiveCfg = Debug|Any CPU
		{6886E9AB-A45C-4E9E-8762-A2287E776830}.Debug|Any CPU.Build.0 = Debug|Any CPU
		{6886E9AB-A45C-4E9E-8762-A2287E776830}.Debug|Default.ActiveCfg = Debug|Any CPU
		{6886E9AB-A45C-4E9E-8762-A2287E776830}.Debug|Default.Build.0 = Debug|Any CPU
		{6886E9AB-A45C-4E9E-8762-A2287E776830}.Release|Any CPU.ActiveCfg = Release|Any CPU
		{6886E9AB-A45C-4E9E-8762-A2287E776830}.Release|Any CPU.Build.0 = Release|Any CPU
		{6886E9AB-A45C-4E9E-8762-A2287E776830}.Release|Default.ActiveCfg = Release|Any CPU
		{6886E9AB-A45C-4E9E-8762-A2287E776830}.Release|Default.Build.0 = Release|Any CPU
	EndGlobalSection
	GlobalSection(SolutionProperties) = preSolution
		HideSolutionNode = FALSE
	EndGlobalSection
	GlobalSection(ExtensibilityGlobals) = postSolution
		SolutionGuid = {B5C966D4-E8C6-4DDB-8857-6BF2191453F7}
	EndGlobalSection
	GlobalSection(SolutionConfigurationPlatforms) = preSolution
		Debug|Any CPU = Debug|Any CPU
		Debug|Default = Debug|Default
		Release|Any CPU = Release|Any CPU
		Release|Default = Release|Default
	EndGlobalSection
EndGlobal
